
Microsoft Visual Studio Solution File, Format Version 12.00
# Visual Studio Version 17
VisualStudioVersion = 17.0.31903.59
MinimumVisualStudioVersion = 10.0.40219.1
Project("{FAE04EC0-301F-11D3-BF4B-00C04F79EFBC}") = "VelocidadTiempo", "VelocidadTiempo\VelocidadTiempo.csproj", "{0D54BE12-B441-4598-8379-4E69D364B940}"
EndProject
Global
	GlobalSection(SolutionConfigurationPlatforms) = preSolution
		Debug|Any CPU = Debug|Any CPU
		Release|Any CPU = Release|Any CPU
	EndGlobalSection
	GlobalSection(SolutionProperties) = preSolution
		HideSolutionNode = FALSE
	EndGlobalSection
	GlobalSection(ProjectConfigurationPlatforms) = postSolution
		{0D54BE12-B441-4598-8379-4E69D364B940}.Debug|Any CPU.ActiveCfg = Debug|Any CPU
		{0D54BE12-B441-4598-8379-4E69D364B940}.Debug|Any CPU.Build.0 = Debug|Any CPU
		{0D54BE12-B441-4598-8379-4E69D364B940}.Release|Any CPU.ActiveCfg = Release|Any CPU
		{0D54BE12-B441-4598-8379-4E69D364B940}.Release|Any CPU.Build.0 = Release|Any CPU
	EndGlobalSection
EndGlobal
